// !$*UTF8*$!
{
	archiveVersion = 1;
	classes = {
	};
	objectVersion = 48;
	objects = {

/* Begin PBXBuildFile section */
		53A30E9F67C08F0030F28950 /* libPods-A.a in Frameworks */ = {isa = PBXBuildFile; fileRef = 1C2100EAAFBCBF3FDD248A3C /* libPods-A.a */; };
		A551ECCA205689FF0054D1BB /* Target_A.m in Sources */ = {isa = PBXBuildFile; fileRef = A551ECC9205689FF0054D1BB /* Target_A.m */; };
		A582194B205686000057D6D9 /* AppDelegate.m in Sources */ = {isa = PBXBuildFile; fileRef = A582194A205686000057D6D9 /* AppDelegate.m */; };
		A582194E205686010057D6D9 /* ViewController.m in Sources */ = {isa = PBXBuildFile; fileRef = A582194D205686010057D6D9 /* ViewController.m */; };
		A5821951205686010057D6D9 /* Main.storyboard in Resources */ = {isa = PBXBuildFile; fileRef = A582194F205686010057D6D9 /* Main.storyboard */; };
		A5821953205686010057D6D9 /* Assets.xcassets in Resources */ = {isa = PBXBuildFile; fileRef = A5821952205686010057D6D9 /* Assets.xcassets */; };
		A5821956205686010057D6D9 /* LaunchScreen.storyboard in Resources */ = {isa = PBXBuildFile; fileRef = A5821954205686010057D6D9 /* LaunchScreen.storyboard */; };
		A5821959205686010057D6D9 /* main.m in Sources */ = {isa = PBXBuildFile; fileRef = A5821958205686010057D6D9 /* main.m */; };
		A5821962205686C70057D6D9 /* AViewController.m in Sources */ = {isa = PBXBuildFile; fileRef = A5821961205686C60057D6D9 /* AViewController.m */; };
/* End PBXBuildFile section */

/* Begin PBXFileReference section */
		1C2100EAAFBCBF3FDD248A3C /* libPods-A.a */ = {isa = PBXFileReference; explicitFileType = archive.ar; includeInIndex = 0; path = "libPods-A.a"; sourceTree = BUILT_PRODUCTS_DIR; };
		6286FCFFACA9834112BA3F6F /* Pods-A.release.xcconfig */ = {isa = PBXFileReference; includeInIndex = 1; lastKnownFileType = text.xcconfig; name = "Pods-A.release.xcconfig"; path = "Pods/Target Support Files/Pods-A/Pods-A.release.xcconfig"; sourceTree = "<group>"; };
		9063DD0D27345AE5BE338796 /* Pods-A.debug.xcconfig */ = {isa = PBXFileReference; includeInIndex = 1; lastKnownFileType = text.xcconfig; name = "Pods-A.debug.xcconfig"; path = "Pods/Target Support Files/Pods-A/Pods-A.debug.xcconfig"; sourceTree = "<group>"; };
		A551ECC8205689FF0054D1BB /* Target_A.h */ = {isa = PBXFileReference; lastKnownFileType = sourcecode.c.h; path = Target_A.h; sourceTree = "<group>"; };
		A551ECC9205689FF0054D1BB /* Target_A.m */ = {isa = PBXFileReference; lastKnownFileType = sourcecode.c.objc; path = Target_A.m; sourceTree = "<group>"; };
		A5821946205686000057D6D9 /* A.app */ = {isa = PBXFileReference; explicitFileType = wrapper.application; includeInIndex = 0; path = A.app; sourceTree = BUILT_PRODUCTS_DIR; };
		A5821949205686000057D6D9 /* AppDelegate.h */ = {isa = PBXFileReference; lastKnownFileType = sourcecode.c.h; path = AppDelegate.h; sourceTree = "<group>"; };
		A582194A205686000057D6D9 /* AppDelegate.m */ = {isa = PBXFileReference; lastKnownFileType = sourcecode.c.objc; path = AppDelegate.m; sourceTree = "<group>"; };
		A582194C205686010057D6D9 /* ViewController.h */ = {isa = PBXFileReference; lastKnownFileType = sourcecode.c.h; path = ViewController.h; sourceTree = "<group>"; };
		A582194D205686010057D6D9 /* ViewController.m */ = {isa = PBXFileReference; lastKnownFileType = sourcecode.c.objc; path = ViewController.m; sourceTree = "<group>"; };
		A5821950205686010057D6D9 /* Base */ = {isa = PBXFileReference; lastKnownFileType = file.storyboard; name = Base; path = Base.lproj/Main.storyboard; sourceTree = "<group>"; };
		A5821952205686010057D6D9 /* Assets.xcassets */ = {isa = PBXFileReference; lastKnownFileType = folder.assetcatalog; path = Assets.xcassets; sourceTree = "<group>"; };
		A5821955205686010057D6D9 /* Base */ = {isa = PBXFileReference; lastKnownFileType = file.storyboard; name = Base; path = Base.lproj/LaunchScreen.storyboard; sourceTree = "<group>"; };
		A5821957205686010057D6D9 /* Info.plist */ = {isa = PBXFileReference; lastKnownFileType = text.plist.xml; path = Info.plist; sourceTree = "<group>"; };
		A5821958205686010057D6D9 /* main.m */ = {isa = PBXFileReference; lastKnownFileType = sourcecode.c.objc; path = main.m; sourceTree = "<group>"; };
		A5821960205686C60057D6D9 /* AViewController.h */ = {isa = PBXFileReference; fileEncoding = 4; lastKnownFileType = sourcecode.c.h; path = AViewController.h; sourceTree = "<group>"; };
		A5821961205686C60057D6D9 /* AViewController.m */ = {isa = PBXFileReference; fileEncoding = 4; lastKnownFileType = sourcecode.c.objc; path = AViewController.m; sourceTree = "<group>"; };
/* End PBXFileReference section */

/* Begin PBXFrameworksBuildPhase section */
		A5821943205686000057D6D9 /* Frameworks */ = {
			isa = PBXFrameworksBuildPhase;
			buildActionMask = 2147483647;
			files = (
				53A30E9F67C08F0030F28950 /* libPods-A.a in Frameworks */,
			);
			runOnlyForDeploymentPostprocessing = 0;
		};
/* End PBXFrameworksBuildPhase section */

/* Begin PBXGroup section */
		37C34B8BD43175B08BD2C4EF /* Frameworks */ = {
			isa = PBXGroup;
			children = (
				1C2100EAAFBCBF3FDD248A3C /* libPods-A.a */,
			);
			name = Frameworks;
			sourceTree = "<group>";
		};
		A551ECC7205689ED0054D1BB /* Targets */ = {
			isa = PBXGroup;
			children = (
				A551ECC8205689FF0054D1BB /* Target_A.h */,
				A551ECC9205689FF0054D1BB /* Target_A.m */,
			);
			path = Targets;
			sourceTree = "<group>";
		};
		A582193D205686000057D6D9 = {
			isa = PBXGroup;
			children = (
				A5821948205686000057D6D9 /* A */,
				A5821947205686000057D6D9 /* Products */,
				D365B1E772BF46557B79D42A /* Pods */,
				37C34B8BD43175B08BD2C4EF /* Frameworks */,
			);
			sourceTree = "<group>";
		};
		A5821947205686000057D6D9 /* Products */ = {
			isa = PBXGroup;
			children = (
				A5821946205686000057D6D9 /* A.app */,
			);
			name = Products;
			sourceTree = "<group>";
		};
		A5821948205686000057D6D9 /* A */ = {
			isa = PBXGroup;
			children = (
				A551ECC7205689ED0054D1BB /* Targets */,
				A582195F205686AD0057D6D9 /* A */,
				A5821949205686000057D6D9 /* AppDelegate.h */,
				A582194A205686000057D6D9 /* AppDelegate.m */,
				A582194C205686010057D6D9 /* ViewController.h */,
				A582194D205686010057D6D9 /* ViewController.m */,
				A582194F205686010057D6D9 /* Main.storyboard */,
				A5821952205686010057D6D9 /* Assets.xcassets */,
				A5821954205686010057D6D9 /* LaunchScreen.storyboard */,
				A5821957205686010057D6D9 /* Info.plist */,
				A5821958205686010057D6D9 /* main.m */,
			);
			path = A;
			sourceTree = "<group>";
		};
		A582195F205686AD0057D6D9 /* A */ = {
			isa = PBXGroup;
			children = (
				A5821960205686C60057D6D9 /* AViewController.h */,
				A5821961205686C60057D6D9 /* AViewController.m */,
			);
			path = A;
			sourceTree = "<group>";
		};
		D365B1E772BF46557B79D42A /* Pods */ = {
			isa = PBXGroup;
			children = (
				9063DD0D27345AE5BE338796 /* Pods-A.debug.xcconfig */,
				6286FCFFACA9834112BA3F6F /* Pods-A.release.xcconfig */,
			);
			name = Pods;
			sourceTree = "<group>";
		};
/* End PBXGroup section */

/* Begin PBXNativeTarget section */
		A5821945205686000057D6D9 /* A */ = {
			isa = PBXNativeTarget;
			buildConfigurationList = A582195C205686010057D6D9 /* Build configuration list for PBXNativeTarget "A" */;
			buildPhases = (
				B99E987748305473938B1EF7 /* [CP] Check Pods Manifest.lock */,
				A5821942205686000057D6D9 /* Sources */,
				A5821943205686000057D6D9 /* Frameworks */,
				A5821944205686000057D6D9 /* Resources */,
				12333FFC89D6C5A634EC2A58 /* [CP] Embed Pods Frameworks */,
				41626BF2E098C087F60FF014 /* [CP] Copy Pods Resources */,
			);
			buildRules = (
			);
			dependencies = (
			);
			name = A;
			productName = A;
			productReference = A5821946205686000057D6D9 /* A.app */;
			productType = "com.apple.product-type.application";
		};
/* End PBXNativeTarget section */

/* Begin PBXProject section */
		A582193E205686000057D6D9 /* Project object */ = {
			isa = PBXProject;
			attributes = {
				LastUpgradeCheck = 0920;
				ORGANIZATIONNAME = linbing;
				TargetAttributes = {
					A5821945205686000057D6D9 = {
						CreatedOnToolsVersion = 9.2;
						ProvisioningStyle = Automatic;
					};
				};
			};
			buildConfigurationList = A5821941205686000057D6D9 /* Build configuration list for PBXProject "A" */;
			compatibilityVersion = "Xcode 8.0";
			developmentRegion = en;
			hasScannedForEncodings = 0;
			knownRegions = (
				en,
				Base,
			);
			mainGroup = A582193D205686000057D6D9;
			productRefGroup = A5821947205686000057D6D9 /* Products */;
			projectDirPath = "";
			projectRoot = "";
			targets = (
				A5821945205686000057D6D9 /* A */,
			);
		};
/* End PBXProject section */

/* Begin PBXResourcesBuildPhase section */
		A5821944205686000057D6D9 /* Resources */ = {
			isa = PBXResourcesBuildPhase;
			buildActionMask = 2147483647;
			files = (
				A5821956205686010057D6D9 /* LaunchScreen.storyboard in Resources */,
				A5821953205686010057D6D9 /* Assets.xcassets in Resources */,
				A5821951205686010057D6D9 /* Main.storyboard in Resources */,
			);
			runOnlyForDeploymentPostprocessing = 0;
		};
/* End PBXResourcesBuildPhase section */

/* Begin PBXShellScriptBuildPhase section */
		12333FFC89D6C5A634EC2A58 /* [CP] Embed Pods Frameworks */ = {
			isa = PBXShellScriptBuildPhase;
			buildActionMask = 2147483647;
			files = (
			);
			inputPaths = (
			);
			name = "[CP] Embed Pods Frameworks";
			outputPaths = (
			);
			runOnlyForDeploymentPostprocessing = 0;
			shellPath = /bin/sh;
			shellScript = "\"${SRCROOT}/Pods/Target Support Files/Pods-A/Pods-A-frameworks.sh\"\n";
			showEnvVarsInLog = 0;
		};
		41626BF2E098C087F60FF014 /* [CP] Copy Pods Resources */ = {
			isa = PBXShellScriptBuildPhase;
			buildActionMask = 2147483647;
			files = (
			);
			inputPaths = (
			);
			name = "[CP] Copy Pods Resources";
			outputPaths = (
			);
			runOnlyForDeploymentPostprocessing = 0;
			shellPath = /bin/sh;
			shellScript = "\"${SRCROOT}/Pods/Target Support Files/Pods-A/Pods-A-resources.sh\"\n";
			showEnvVarsInLog = 0;
		};
		B99E987748305473938B1EF7 /* [CP] Check Pods Manifest.lock */ = {
			isa = PBXShellScriptBuildPhase;
			buildActionMask = 2147483647;
			files = (
			);
			inputPaths = (
				"${PODS_PODFILE_DIR_PATH}/Podfile.lock",
				"${PODS_ROOT}/Manifest.lock",
			);
			name = "[CP] Check Pods Manifest.lock";
			outputPaths = (
				"$(DERIVED_FILE_DIR)/Pods-A-checkManifestLockResult.txt",
			);
			runOnlyForDeploymentPostprocessing = 0;
			shellPath = /bin/sh;
			shellScript = "diff \"${PODS_PODFILE_DIR_PATH}/Podfile.lock\" \"${PODS_ROOT}/Manifest.lock\" > /dev/null\nif [ $? != 0 ] ; then\n    # print error to STDERR\n    echo \"error: The sandbox is not in sync with the Podfile.lock. Run 'pod install' or update your CocoaPods installation.\" >&2\n    exit 1\nfi\n# This output is used by Xcode 'outputs' to avoid re-running this script phase.\necho \"SUCCESS\" > \"${SCRIPT_OUTPUT_FILE_0}\"\n";
			showEnvVarsInLog = 0;
		};
/* End PBXShellScriptBuildPhase section */

/* Begin PBXSourcesBuildPhase section */
		A5821942205686000057D6D9 /* Sources */ = {
			isa = PBXSourcesBuildPhase;
			buildActionMask = 2147483647;
			files = (
				A5821962205686C70057D6D9 /* AViewController.m in Sources */,
				A582194E205686010057D6D9 /* ViewController.m in Sources */,
				A551ECCA205689FF0054D1BB /* Target_A.m in Sources */,
				A5821959205686010057D6D9 /* main.m in Sources */,
				A582194B205686000057D6D9 /* AppDelegate.m in Sources */,
			);
			runOnlyForDeploymentPostprocessing = 0;
		};
/* End PBXSourcesBuildPhase section */

/* Begin PBXVariantGroup section */
		A582194F205686010057D6D9 /* Main.storyboard */ = {
			isa = PBXVariantGroup;
			children = (
				A5821950205686010057D6D9 /* Base */,
			);
			name = Main.storyboard;
			sourceTree = "<group>";
		};
		A5821954205686010057D6D9 /* LaunchScreen.storyboard */ = {
			isa = PBXVariantGroup;
			children = (
				A5821955205686010057D6D9 /* Base */,
			);
			name = LaunchScreen.storyboard;
			sourceTree = "<group>";
		};
/* End PBXVariantGroup section */

/* Begin XCBuildConfiguration section */
		A582195A205686010057D6D9 /* Debug */ = {
			isa = XCBuildConfiguration;
			buildSettings = {
				ALWAYS_SEARCH_USER_PATHS = NO;
				CLANG_ANALYZER_NONNULL = YES;
				CLANG_ANALYZER_NUMBER_OBJECT_CONVERSION = YES_AGGRESSIVE;
				CLANG_CXX_LANGUAGE_STANDARD = "gnu++14";
				CLANG_CXX_LIBRARY = "libc++";
				CLANG_ENABLE_MODULES = YES;
				CLANG_ENABLE_OBJC_ARC = YES;
				CLANG_WARN_BLOCK_CAPTURE_AUTORELEASING = YES;
				CLANG_WARN_BOOL_CONVERSION = YES;
				CLANG_WARN_COMMA = YES;
				CLANG_WARN_CONSTANT_CONVERSION = YES;
				CLANG_WARN_DIRECT_OBJC_ISA_USAGE = YES_ERROR;
				CLANG_WARN_DOCUMENTATION_COMMENTS = YES;
				CLANG_WARN_EMPTY_BODY = YES;
				CLANG_WARN_ENUM_CONVERSION = YES;
				CLANG_WARN_INFINITE_RECURSION = YES;
				CLANG_WARN_INT_CONVERSION = YES;
				CLANG_WARN_NON_LITERAL_NULL_CONVERSION = YES;
				CLANG_WARN_OBJC_LITERAL_CONVERSION = YES;
				CLANG_WARN_OBJC_ROOT_CLASS = YES_ERROR;
				CLANG_WARN_RANGE_LOOP_ANALYSIS = YES;
				CLANG_WARN_STRICT_PROTOTYPES = YES;
				CLANG_WARN_SUSPICIOUS_MOVE = YES;
				CLANG_WARN_UNGUARDED_AVAILABILITY = YES_AGGRESSIVE;
				CLANG_WARN_UNREACHABLE_CODE = YES;
				CLANG_WARN__DUPLICATE_METHOD_MATCH = YES;
				CODE_SIGN_IDENTITY = "iPhone Developer";
				COPY_PHASE_STRIP = NO;
				DEBUG_INFORMATION_FORMAT = dwarf;
				ENABLE_STRICT_OBJC_MSGSEND = YES;
				ENABLE_TESTABILITY = YES;
				GCC_C_LANGUAGE_STANDARD = gnu11;
				GCC_DYNAMIC_NO_PIC = NO;
				GCC_NO_COMMON_BLOCKS = YES;
				GCC_OPTIMIZATION_LEVEL = 0;
				GCC_PREPROCESSOR_DEFINITIONS = (
					"DEBUG=1",
					"$(inherited)",
				);
				GCC_WARN_64_TO_32_BIT_CONVERSION = YES;
				GCC_WARN_ABOUT_RETURN_TYPE = YES_ERROR;
				GCC_WARN_UNDECLARED_SELECTOR = YES;
				GCC_WARN_UNINITIALIZED_AUTOS = YES_AGGRESSIVE;
				GCC_WARN_UNUSED_FUNCTION = YES;
				GCC_WARN_UNUSED_VARIABLE = YES;
				IPHONEOS_DEPLOYMENT_TARGET = 11.2;
				MTL_ENABLE_DEBUG_INFO = YES;
				ONLY_ACTIVE_ARCH = YES;
				SDKROOT = iphoneos;
			};
			name = Debug;
		};
		A582195B205686010057D6D9 /* Release */ = {
			isa = XCBuildConfiguration;
			buildSettings = {
				ALWAYS_SEARCH_USER_PATHS = NO;
				CLANG_ANALYZER_NONNULL = YES;
				CLANG_ANALYZER_NUMBER_OBJECT_CONVERSION = YES_AGGRESSIVE;
				CLANG_CXX_LANGUAGE_STANDARD = "gnu++14";
				CLANG_CXX_LIBRARY = "libc++";
				CLANG_ENABLE_MODULES = YES;
				CLANG_ENABLE_OBJC_ARC = YES;
				CLANG_WARN_BLOCK_CAPTURE_AUTORELEASING = YES;
				CLANG_WARN_BOOL_CONVERSION = YES;
				CLANG_WARN_COMMA = YES;
				CLANG_WARN_CONSTANT_CONVERSION = YES;
				CLANG_WARN_DIRECT_OBJC_ISA_USAGE = YES_ERROR;
				CLANG_WARN_DOCUMENTATION_COMMENTS = YES;
				CLANG_WARN_EMPTY_BODY = YES;
				CLANG_WARN_ENUM_CONVERSION = YES;
				CLANG_WARN_INFINITE_RECURSION = YES;
				CLANG_WARN_INT_CONVERSION = YES;
				CLANG_WARN_NON_LITERAL_NULL_CONVERSION = YES;
				CLANG_WARN_OBJC_LITERAL_CONVERSION = YES;
				CLANG_WARN_OBJC_ROOT_CLASS = YES_ERROR;
				CLANG_WARN_RANGE_LOOP_ANALYSIS = YES;
				CLANG_WARN_STRICT_PROTOTYPES = YES;
				CLANG_WARN_SUSPICIOUS_MOVE = YES;
				CLANG_WARN_UNGUARDED_AVAILABILITY = YES_AGGRESSIVE;
				CLANG_WARN_UNREACHABLE_CODE = YES;
				CLANG_WARN__DUPLICATE_METHOD_MATCH = YES;
				CODE_SIGN_IDENTITY = "iPhone Developer";
				COPY_PHASE_STRIP = NO;
				DEBUG_INFORMATION_FORMAT = "dwarf-with-dsym";
				ENABLE_NS_ASSERTIONS = NO;
				ENABLE_STRICT_OBJC_MSGSEND = YES;
				GCC_C_LANGUAGE_STANDARD = gnu11;
				GCC_NO_COMMON_BLOCKS = YES;
				GCC_WARN_64_TO_32_BIT_CONVERSION = YES;
				GCC_WARN_ABOUT_RETURN_TYPE = YES_ERROR;
				GCC_WARN_UNDECLARED_SELECTOR = YES;
				GCC_WARN_UNINITIALIZED_AUTOS = YES_AGGRESSIVE;
				GCC_WARN_UNUSED_FUNCTION = YES;
				GCC_WARN_UNUSED_VARIABLE = YES;
				IPHONEOS_DEPLOYMENT_TARGET = 11.2;
				MTL_ENABLE_DEBUG_INFO = NO;
				SDKROOT = iphoneos;
				VALIDATE_PRODUCT = YES;
			};
			name = Release;
		};
		A582195D205686010057D6D9 /* Debug */ = {
			isa = XCBuildConfiguration;
			baseConfigurationReference = 9063DD0D27345AE5BE338796 /* Pods-A.debug.xcconfig */;
			buildSettings = {
				ASSETCATALOG_COMPILER_APPICON_NAME = AppIcon;
				CODE_SIGN_STYLE = Automatic;
				DEVELOPMENT_TEAM = RX264TM5K8;
				INFOPLIST_FILE = A/Info.plist;
				LD_RUNPATH_SEARCH_PATHS = "$(inherited) @executable_path/Frameworks";
				PRODUCT_BUNDLE_IDENTIFIER = com.linbing.A;
				PRODUCT_NAME = "$(TARGET_NAME)";
				TARGETED_DEVICE_FAMILY = "1,2";
			};
			name = Debug;
		};
		A582195E205686010057D6D9 /* Release */ = {
			isa = XCBuildConfiguration;
			baseConfigurationReference = 6286FCFFACA9834112BA3F6F /* Pods-A.release.xcconfig */;
			buildSettings = {
				ASSETCATALOG_COMPILER_APPICON_NAME = AppIcon;
				CODE_SIGN_STYLE = Automatic;
				DEVELOPMENT_TEAM = RX264TM5K8;
				INFOPLIST_FILE = A/Info.plist;
				LD_RUNPATH_SEARCH_PATHS = "$(inherited) @executable_path/Frameworks";
				PRODUCT_BUNDLE_IDENTIFIER = com.linbing.A;
				PRODUCT_NAME = "$(TARGET_NAME)";
				TARGETED_DEVICE_FAMILY = "1,2";
			};
			name = Release;
		};
/* End XCBuildConfiguration section */

/* Begin XCConfigurationList section */
		A5821941205686000057D6D9 /* Build configuration list for PBXProject "A" */ = {
			isa = XCConfigurationList;
			buildConfigurations = (
				A582195A205686010057D6D9 /* Debug */,
				A582195B205686010057D6D9 /* Release */,
			);
			defaultConfigurationIsVisible = 0;
			defaultConfigurationName = Release;
		};
		A582195C205686010057D6D9 /* Build configuration list for PBXNativeTarget "A" */ = {
			isa = XCConfigurationList;
			buildConfigurations = (
				A582195D205686010057D6D9 /* Debug */,
				A582195E205686010057D6D9 /* Release */,
			);
			defaultConfigurationIsVisible = 0;
			defaultConfigurationName = Release;
		};
/* End XCConfigurationList section */
	};
	rootObject = A582193E205686000057D6D9 /* Project object */;
}
